// !$*UTF8*$!
{
	archiveVersion = 1;
	classes = {
	};
	objectVersion = 50;
	objects = {

/* Begin PBXBuildFile section */
		7DEC79CE20DA44180065EE04 /* AppDelegate.swift in Sources */ = {isa = PBXBuildFile; fileRef = 7DEC79CD20DA44180065EE04 /* AppDelegate.swift */; };
		7DEC79D020DA44180065EE04 /* ViewController.swift in Sources */ = {isa = PBXBuildFile; fileRef = 7DEC79CF20DA44180065EE04 /* ViewController.swift */; };
		7DEC79D320DA44180065EE04 /* Main.storyboard in Resources */ = {isa = PBXBuildFile; fileRef = 7DEC79D120DA44180065EE04 /* Main.storyboard */; };
		7DEC79D620DA44180065EE04 /* Floor_lava.xcdatamodeld in Sources */ = {isa = PBXBuildFile; fileRef = 7DEC79D420DA44180065EE04 /* Floor_lava.xcdatamodeld */; };
		7DEC79D820DA44190065EE04 /* Assets.xcassets in Resources */ = {isa = PBXBuildFile; fileRef = 7DEC79D720DA44190065EE04 /* Assets.xcassets */; };
		7DEC79DB20DA44190065EE04 /* LaunchScreen.storyboard in Resources */ = {isa = PBXBuildFile; fileRef = 7DEC79D920DA44190065EE04 /* LaunchScreen.storyboard */; };
		7DEC79E620DA441A0065EE04 /* Floor_lavaTests.swift in Sources */ = {isa = PBXBuildFile; fileRef = 7DEC79E520DA441A0065EE04 /* Floor_lavaTests.swift */; };
		7DEC79F120DA441A0065EE04 /* Floor_lavaUITests.swift in Sources */ = {isa = PBXBuildFile; fileRef = 7DEC79F020DA441A0065EE04 /* Floor_lavaUITests.swift */; };
/* End PBXBuildFile section */

/* Begin PBXContainerItemProxy section */
		7DEC79E220DA441A0065EE04 /* PBXContainerItemProxy */ = {
			isa = PBXContainerItemProxy;
			containerPortal = 7DEC79C220DA44180065EE04 /* Project object */;
			proxyType = 1;
			remoteGlobalIDString = 7DEC79C920DA44180065EE04;
			remoteInfo = Floor_lava;
		};
		7DEC79ED20DA441A0065EE04 /* PBXContainerItemProxy */ = {
			isa = PBXContainerItemProxy;
			containerPortal = 7DEC79C220DA44180065EE04 /* Project object */;
			proxyType = 1;
			remoteGlobalIDString = 7DEC79C920DA44180065EE04;
			remoteInfo = Floor_lava;
		};
/* End PBXContainerItemProxy section */

/* Begin PBXFileReference section */
		7DEC79CA20DA44180065EE04 /* Floor_lava.app */ = {isa = PBXFileReference; explicitFileType = wrapper.application; includeInIndex = 0; path = Floor_lava.app; sourceTree = BUILT_PRODUCTS_DIR; };
		7DEC79CD20DA44180065EE04 /* AppDelegate.swift */ = {isa = PBXFileReference; lastKnownFileType = sourcecode.swift; path = AppDelegate.swift; sourceTree = "<group>"; };
		7DEC79CF20DA44180065EE04 /* ViewController.swift */ = {isa = PBXFileReference; lastKnownFileType = sourcecode.swift; path = ViewController.swift; sourceTree = "<group>"; };
		7DEC79D220DA44180065EE04 /* Base */ = {isa = PBXFileReference; lastKnownFileType = file.storyboard; name = Base; path = Base.lproj/Main.storyboard; sourceTree = "<group>"; };
		7DEC79D520DA44180065EE04 /* Floor_lava.xcdatamodel */ = {isa = PBXFileReference; lastKnownFileType = wrapper.xcdatamodel; path = Floor_lava.xcdatamodel; sourceTree = "<group>"; };
		7DEC79D720DA44190065EE04 /* Assets.xcassets */ = {isa = PBXFileReference; lastKnownFileType = folder.assetcatalog; path = Assets.xcassets; sourceTree = "<group>"; };
		7DEC79DA20DA44190065EE04 /* Base */ = {isa = PBXFileReference; lastKnownFileType = file.storyboard; name = Base; path = Base.lproj/LaunchScreen.storyboard; sourceTree = "<group>"; };
		7DEC79DC20DA44190065EE04 /* Info.plist */ = {isa = PBXFileReference; lastKnownFileType = text.plist.xml; path = Info.plist; sourceTree = "<group>"; };
		7DEC79E120DA441A0065EE04 /* Floor_lavaTests.xctest */ = {isa = PBXFileReference; explicitFileType = wrapper.cfbundle; includeInIndex = 0; path = Floor_lavaTests.xctest; sourceTree = BUILT_PRODUCTS_DIR; };
		7DEC79E520DA441A0065EE04 /* Floor_lavaTests.swift */ = {isa = PBXFileReference; lastKnownFileType = sourcecode.swift; path = Floor_lavaTests.swift; sourceTree = "<group>"; };
		7DEC79E720DA441A0065EE04 /* Info.plist */ = {isa = PBXFileReference; lastKnownFileType = text.plist.xml; path = Info.plist; sourceTree = "<group>"; };
		7DEC79EC20DA441A0065EE04 /* Floor_lavaUITests.xctest */ = {isa = PBXFileReference; explicitFileType = wrapper.cfbundle; includeInIndex = 0; path = Floor_lavaUITests.xctest; sourceTree = BUILT_PRODUCTS_DIR; };
		7DEC79F020DA441A0065EE04 /* Floor_lavaUITests.swift */ = {isa = PBXFileReference; lastKnownFileType = sourcecode.swift; path = Floor_lavaUITests.swift; sourceTree = "<group>"; };
		7DEC79F220DA441A0065EE04 /* Info.plist */ = {isa = PBXFileReference; lastKnownFileType = text.plist.xml; path = Info.plist; sourceTree = "<group>"; };
/* End PBXFileReference section */

/* Begin PBXFrameworksBuildPhase section */
		7DEC79C720DA44180065EE04 /* Frameworks */ = {
			isa = PBXFrameworksBuildPhase;
			buildActionMask = 2147483647;
			files = (
			);
			runOnlyForDeploymentPostprocessing = 0;
		};
		7DEC79DE20DA441A0065EE04 /* Frameworks */ = {
			isa = PBXFrameworksBuildPhase;
			buildActionMask = 2147483647;
			files = (
			);
			runOnlyForDeploymentPostprocessing = 0;
		};
		7DEC79E920DA441A0065EE04 /* Frameworks */ = {
			isa = PBXFrameworksBuildPhase;
			buildActionMask = 2147483647;
			files = (
			);
			runOnlyForDeploymentPostprocessing = 0;
		};
/* End PBXFrameworksBuildPhase section */

/* Begin PBXGroup section */
		7DEC79C120DA44180065EE04 = {
			isa = PBXGroup;
			children = (
				7DEC79CC20DA44180065EE04 /* Floor_lava */,
				7DEC79E420DA441A0065EE04 /* Floor_lavaTests */,
				7DEC79EF20DA441A0065EE04 /* Floor_lavaUITests */,
				7DEC79CB20DA44180065EE04 /* Products */,
			);
			sourceTree = "<group>";
		};
		7DEC79CB20DA44180065EE04 /* Products */ = {
			isa = PBXGroup;
			children = (
				7DEC79CA20DA44180065EE04 /* Floor_lava.app */,
				7DEC79E120DA441A0065EE04 /* Floor_lavaTests.xctest */,
				7DEC79EC20DA441A0065EE04 /* Floor_lavaUITests.xctest */,
			);
			name = Products;
			sourceTree = "<group>";
		};
		7DEC79CC20DA44180065EE04 /* Floor_lava */ = {
			isa = PBXGroup;
			children = (
				7DEC79CD20DA44180065EE04 /* AppDelegate.swift */,
				7DEC79CF20DA44180065EE04 /* ViewController.swift */,
				7DEC79D120DA44180065EE04 /* Main.storyboard */,
				7DEC79D720DA44190065EE04 /* Assets.xcassets */,
				7DEC79D920DA44190065EE04 /* LaunchScreen.storyboard */,
				7DEC79DC20DA44190065EE04 /* Info.plist */,
				7DEC79D420DA44180065EE04 /* Floor_lava.xcdatamodeld */,
			);
			path = Floor_lava;
			sourceTree = "<group>";
		};
		7DEC79E420DA441A0065EE04 /* Floor_lavaTests */ = {
			isa = PBXGroup;
			children = (
				7DEC79E520DA441A0065EE04 /* Floor_lavaTests.swift */,
				7DEC79E720DA441A0065EE04 /* Info.plist */,
			);
			path = Floor_lavaTests;
			sourceTree = "<group>";
		};
		7DEC79EF20DA441A0065EE04 /* Floor_lavaUITests */ = {
			isa = PBXGroup;
			children = (
				7DEC79F020DA441A0065EE04 /* Floor_lavaUITests.swift */,
				7DEC79F220DA441A0065EE04 /* Info.plist */,
			);
			path = Floor_lavaUITests;
			sourceTree = "<group>";
		};
/* End PBXGroup section */

/* Begin PBXNativeTarget section */
		7DEC79C920DA44180065EE04 /* Floor_lava */ = {
			isa = PBXNativeTarget;
			buildConfigurationList = 7DEC79F520DA441A0065EE04 /* Build configuration list for PBXNativeTarget "Floor_lava" */;
			buildPhases = (
				7DEC79C620DA44180065EE04 /* Sources */,
				7DEC79C720DA44180065EE04 /* Frameworks */,
				7DEC79C820DA44180065EE04 /* Resources */,
			);
			buildRules = (
			);
			dependencies = (
			);
			name = Floor_lava;
			productName = Floor_lava;
			productReference = 7DEC79CA20DA44180065EE04 /* Floor_lava.app */;
			productType = "com.apple.product-type.application";
		};
		7DEC79E020DA441A0065EE04 /* Floor_lavaTests */ = {
			isa = PBXNativeTarget;
			buildConfigurationList = 7DEC79F820DA441A0065EE04 /* Build configuration list for PBXNativeTarget "Floor_lavaTests" */;
			buildPhases = (
				7DEC79DD20DA441A0065EE04 /* Sources */,
				7DEC79DE20DA441A0065EE04 /* Frameworks */,
				7DEC79DF20DA441A0065EE04 /* Resources */,
			);
			buildRules = (
			);
			dependencies = (
				7DEC79E320DA441A0065EE04 /* PBXTargetDependency */,
			);
			name = Floor_lavaTests;
			productName = Floor_lavaTests;
			productReference = 7DEC79E120DA441A0065EE04 /* Floor_lavaTests.xctest */;
			productType = "com.apple.product-type.bundle.unit-test";
		};
		7DEC79EB20DA441A0065EE04 /* Floor_lavaUITests */ = {
			isa = PBXNativeTarget;
			buildConfigurationList = 7DEC79FB20DA441A0065EE04 /* Build configuration list for PBXNativeTarget "Floor_lavaUITests" */;
			buildPhases = (
				7DEC79E820DA441A0065EE04 /* Sources */,
				7DEC79E920DA441A0065EE04 /* Frameworks */,
				7DEC79EA20DA441A0065EE04 /* Resources */,
			);
			buildRules = (
			);
			dependencies = (
				7DEC79EE20DA441A0065EE04 /* PBXTargetDependency */,
			);
			name = Floor_lavaUITests;
			productName = Floor_lavaUITests;
			productReference = 7DEC79EC20DA441A0065EE04 /* Floor_lavaUITests.xctest */;
			productType = "com.apple.product-type.bundle.ui-testing";
		};
/* End PBXNativeTarget section */

/* Begin PBXProject section */
		7DEC79C220DA44180065EE04 /* Project object */ = {
			isa = PBXProject;
			attributes = {
				LastSwiftUpdateCheck = 1000;
				LastUpgradeCheck = 1000;
				ORGANIZATIONNAME = "Julian Lechuga Lopez";
				TargetAttributes = {
					7DEC79C920DA44180065EE04 = {
						CreatedOnToolsVersion = 10.0;
					};
					7DEC79E020DA441A0065EE04 = {
						CreatedOnToolsVersion = 10.0;
						TestTargetID = 7DEC79C920DA44180065EE04;
					};
					7DEC79EB20DA441A0065EE04 = {
						CreatedOnToolsVersion = 10.0;
						TestTargetID = 7DEC79C920DA44180065EE04;
					};
				};
			};
			buildConfigurationList = 7DEC79C520DA44180065EE04 /* Build configuration list for PBXProject "Floor_lava" */;
			compatibilityVersion = "Xcode 9.3";
			developmentRegion = en;
			hasScannedForEncodings = 0;
			knownRegions = (
				en,
				Base,
			);
			mainGroup = 7DEC79C120DA44180065EE04;
			productRefGroup = 7DEC79CB20DA44180065EE04 /* Products */;
			projectDirPath = "";
			projectRoot = "";
			targets = (
				7DEC79C920DA44180065EE04 /* Floor_lava */,
				7DEC79E020DA441A0065EE04 /* Floor_lavaTests */,
				7DEC79EB20DA441A0065EE04 /* Floor_lavaUITests */,
			);
		};
/* End PBXProject section */

/* Begin PBXResourcesBuildPhase section */
		7DEC79C820DA44180065EE04 /* Resources */ = {
			isa = PBXResourcesBuildPhase;
			buildActionMask = 2147483647;
			files = (
				7DEC79DB20DA44190065EE04 /* LaunchScreen.storyboard in Resources */,
				7DEC79D820DA44190065EE04 /* Assets.xcassets in Resources */,
				7DEC79D320DA44180065EE04 /* Main.storyboard in Resources */,
			);
			runOnlyForDeploymentPostprocessing = 0;
		};
		7DEC79DF20DA441A0065EE04 /* Resources */ = {
			isa = PBXResourcesBuildPhase;
			buildActionMask = 2147483647;
			files = (
			);
			runOnlyForDeploymentPostprocessing = 0;
		};
		7DEC79EA20DA441A0065EE04 /* Resources */ = {
			isa = PBXResourcesBuildPhase;
			buildActionMask = 2147483647;
			files = (
			);
			runOnlyForDeploymentPostprocessing = 0;
		};
/* End PBXResourcesBuildPhase section */

/* Begin PBXSourcesBuildPhase section */
		7DEC79C620DA44180065EE04 /* Sources */ = {
			isa = PBXSourcesBuildPhase;
			buildActionMask = 2147483647;
			files = (
				7DEC79D020DA44180065EE04 /* ViewController.swift in Sources */,
				7DEC79CE20DA44180065EE04 /* AppDelegate.swift in Sources */,
				7DEC79D620DA44180065EE04 /* Floor_lava.xcdatamodeld in Sources */,
			);
			runOnlyForDeploymentPostprocessing = 0;
		};
		7DEC79DD20DA441A0065EE04 /* Sources */ = {
			isa = PBXSourcesBuildPhase;
			buildActionMask = 2147483647;
			files = (
				7DEC79E620DA441A0065EE04 /* Floor_lavaTests.swift in Sources */,
			);
			runOnlyForDeploymentPostprocessing = 0;
		};
		7DEC79E820DA441A0065EE04 /* Sources */ = {
			isa = PBXSourcesBuildPhase;
			buildActionMask = 2147483647;
			files = (
				7DEC79F120DA441A0065EE04 /* Floor_lavaUITests.swift in Sources */,
			);
			runOnlyForDeploymentPostprocessing = 0;
		};
/* End PBXSourcesBuildPhase section */

/* Begin PBXTargetDependency section */
		7DEC79E320DA441A0065EE04 /* PBXTargetDependency */ = {
			isa = PBXTargetDependency;
			target = 7DEC79C920DA44180065EE04 /* Floor_lava */;
			targetProxy = 7DEC79E220DA441A0065EE04 /* PBXContainerItemProxy */;
		};
		7DEC79EE20DA441A0065EE04 /* PBXTargetDependency */ = {
			isa = PBXTargetDependency;
			target = 7DEC79C920DA44180065EE04 /* Floor_lava */;
			targetProxy = 7DEC79ED20DA441A0065EE04 /* PBXContainerItemProxy */;
		};
/* End PBXTargetDependency section */

/* Begin PBXVariantGroup section */
		7DEC79D120DA44180065EE04 /* Main.storyboard */ = {
			isa = PBXVariantGroup;
			children = (
				7DEC79D220DA44180065EE04 /* Base */,
			);
			name = Main.storyboard;
			sourceTree = "<group>";
		};
		7DEC79D920DA44190065EE04 /* LaunchScreen.storyboard */ = {
			isa = PBXVariantGroup;
			children = (
				7DEC79DA20DA44190065EE04 /* Base */,
			);
			name = LaunchScreen.storyboard;
			sourceTree = "<group>";
		};
/* End PBXVariantGroup section */

/* Begin XCBuildConfiguration section */
		7DEC79F320DA441A0065EE04 /* Debug */ = {
			isa = XCBuildConfiguration;
			buildSettings = {
				ALWAYS_SEARCH_USER_PATHS = NO;
				CLANG_ANALYZER_NONNULL = YES;
				CLANG_ANALYZER_NUMBER_OBJECT_CONVERSION = YES_AGGRESSIVE;
				CLANG_CXX_LANGUAGE_STANDARD = "gnu++14";
				CLANG_CXX_LIBRARY = "libc++";
				CLANG_ENABLE_MODULES = YES;
				CLANG_ENABLE_OBJC_ARC = YES;
				CLANG_ENABLE_OBJC_WEAK = YES;
				CLANG_WARN_BLOCK_CAPTURE_AUTORELEASING = YES;
				CLANG_WARN_BOOL_CONVERSION = YES;
				CLANG_WARN_COMMA = YES;
				CLANG_WARN_CONSTANT_CONVERSION = YES;
				CLANG_WARN_DEPRECATED_OBJC_IMPLEMENTATIONS = YES;
				CLANG_WARN_DIRECT_OBJC_ISA_USAGE = YES_ERROR;
				CLANG_WARN_DOCUMENTATION_COMMENTS = YES;
				CLANG_WARN_EMPTY_BODY = YES;
				CLANG_WARN_ENUM_CONVERSION = YES;
				CLANG_WARN_INFINITE_RECURSION = YES;
				CLANG_WARN_INT_CONVERSION = YES;
				CLANG_WARN_NON_LITERAL_NULL_CONVERSION = YES;
				CLANG_WARN_OBJC_IMPLICIT_RETAIN_SELF = YES;
				CLANG_WARN_OBJC_LITERAL_CONVERSION = YES;
				CLANG_WARN_OBJC_ROOT_CLASS = YES_ERROR;
				CLANG_WARN_RANGE_LOOP_ANALYSIS = YES;
				CLANG_WARN_STRICT_PROTOTYPES = YES;
				CLANG_WARN_SUSPICIOUS_MOVE = YES;
				CLANG_WARN_UNGUARDED_AVAILABILITY = YES_AGGRESSIVE;
				CLANG_WARN_UNREACHABLE_CODE = YES;
				CLANG_WARN__DUPLICATE_METHOD_MATCH = YES;
				CODE_SIGN_IDENTITY = "iPhone Developer";
				COPY_PHASE_STRIP = NO;
				DEBUG_INFORMATION_FORMAT = dwarf;
				ENABLE_STRICT_OBJC_MSGSEND = YES;
				ENABLE_TESTABILITY = YES;
				GCC_C_LANGUAGE_STANDARD = gnu11;
				GCC_DYNAMIC_NO_PIC = NO;
				GCC_NO_COMMON_BLOCKS = YES;
				GCC_OPTIMIZATION_LEVEL = 0;
				GCC_PREPROCESSOR_DEFINITIONS = (
					"DEBUG=1",
					"$(inherited)",
				);
				GCC_WARN_64_TO_32_BIT_CONVERSION = YES;
				GCC_WARN_ABOUT_RETURN_TYPE = YES_ERROR;
				GCC_WARN_UNDECLARED_SELECTOR = YES;
				GCC_WARN_UNINITIALIZED_AUTOS = YES_AGGRESSIVE;
				GCC_WARN_UNUSED_FUNCTION = YES;
				GCC_WARN_UNUSED_VARIABLE = YES;
				IPHONEOS_DEPLOYMENT_TARGET = 12.0;
				MTL_ENABLE_DEBUG_INFO = INCLUDE_SOURCE;
				ONLY_ACTIVE_ARCH = YES;
				SDKROOT = iphoneos;
				SWIFT_ACTIVE_COMPILATION_CONDITIONS = DEBUG;
				SWIFT_OPTIMIZATION_LEVEL = "-Onone";
			};
			name = Debug;
		};
		7DEC79F420DA441A0065EE04 /* Release */ = {
			isa = XCBuildConfiguration;
			buildSettings = {
				ALWAYS_SEARCH_USER_PATHS = NO;
				CLANG_ANALYZER_NONNULL = YES;
				CLANG_ANALYZER_NUMBER_OBJECT_CONVERSION = YES_AGGRESSIVE;
				CLANG_CXX_LANGUAGE_STANDARD = "gnu++14";
				CLANG_CXX_LIBRARY = "libc++";
				CLANG_ENABLE_MODULES = YES;
				CLANG_ENABLE_OBJC_ARC = YES;
				CLANG_ENABLE_OBJC_WEAK = YES;
				CLANG_WARN_BLOCK_CAPTURE_AUTORELEASING = YES;
				CLANG_WARN_BOOL_CONVERSION = YES;
				CLANG_WARN_COMMA = YES;
				CLANG_WARN_CONSTANT_CONVERSION = YES;
				CLANG_WARN_DEPRECATED_OBJC_IMPLEMENTATIONS = YES;
				CLANG_WARN_DIRECT_OBJC_ISA_USAGE = YES_ERROR;
				CLANG_WARN_DOCUMENTATION_COMMENTS = YES;
				CLANG_WARN_EMPTY_BODY = YES;
				CLANG_WARN_ENUM_CONVERSION = YES;
				CLANG_WARN_INFINITE_RECURSION = YES;
				CLANG_WARN_INT_CONVERSION = YES;
				CLANG_WARN_NON_LITERAL_NULL_CONVERSION = YES;
				CLANG_WARN_OBJC_IMPLICIT_RETAIN_SELF = YES;
				CLANG_WARN_OBJC_LITERAL_CONVERSION = YES;
				CLANG_WARN_OBJC_ROOT_CLASS = YES_ERROR;
				CLANG_WARN_RANGE_LOOP_ANALYSIS = YES;
				CLANG_WARN_STRICT_PROTOTYPES = YES;
				CLANG_WARN_SUSPICIOUS_MOVE = YES;
				CLANG_WARN_UNGUARDED_AVAILABILITY = YES_AGGRESSIVE;
				CLANG_WARN_UNREACHABLE_CODE = YES;
				CLANG_WARN__DUPLICATE_METHOD_MATCH = YES;
				CODE_SIGN_IDENTITY = "iPhone Developer";
				COPY_PHASE_STRIP = NO;
				DEBUG_INFORMATION_FORMAT = "dwarf-with-dsym";
				ENABLE_NS_ASSERTIONS = NO;
				ENABLE_STRICT_OBJC_MSGSEND = YES;
				GCC_C_LANGUAGE_STANDARD = gnu11;
				GCC_NO_COMMON_BLOCKS = YES;
				GCC_WARN_64_TO_32_BIT_CONVERSION = YES;
				GCC_WARN_ABOUT_RETURN_TYPE = YES_ERROR;
				GCC_WARN_UNDECLARED_SELECTOR = YES;
				GCC_WARN_UNINITIALIZED_AUTOS = YES_AGGRESSIVE;
				GCC_WARN_UNUSED_FUNCTION = YES;
				GCC_WARN_UNUSED_VARIABLE = YES;
				IPHONEOS_DEPLOYMENT_TARGET = 12.0;
				MTL_ENABLE_DEBUG_INFO = NO;
				SDKROOT = iphoneos;
				SWIFT_COMPILATION_MODE = wholemodule;
				SWIFT_OPTIMIZATION_LEVEL = "-O";
				VALIDATE_PRODUCT = YES;
			};
			name = Release;
		};
		7DEC79F620DA441A0065EE04 /* Debug */ = {
			isa = XCBuildConfiguration;
			buildSettings = {
				ASSETCATALOG_COMPILER_APPICON_NAME = AppIcon;
				CODE_SIGN_STYLE = Automatic;
				DEVELOPMENT_TEAM = 237J8UY6UT;
				INFOPLIST_FILE = Floor_lava/Info.plist;
				IPHONEOS_DEPLOYMENT_TARGET = 11.3;
				LD_RUNPATH_SEARCH_PATHS = (
					"$(inherited)",
					"@executable_path/Frameworks",
				);
				PRODUCT_BUNDLE_IDENTIFIER = "KIT.Floor-lava";
				PRODUCT_NAME = "$(TARGET_NAME)";
				SWIFT_VERSION = 4.2;
				TARGETED_DEVICE_FAMILY = "1,2";
			};
			name = Debug;
		};
		7DEC79F720DA441A0065EE04 /* Release */ = {
			isa = XCBuildConfiguration;
			buildSettings = {
				ASSETCATALOG_COMPILER_APPICON_NAME = AppIcon;
				CODE_SIGN_STYLE = Automatic;
				DEVELOPMENT_TEAM = 237J8UY6UT;
				INFOPLIST_FILE = Floor_lava/Info.plist;
				IPHONEOS_DEPLOYMENT_TARGET = 11.3;
				LD_RUNPATH_SEARCH_PATHS = (
					"$(inherited)",
					"@executable_path/Frameworks",
				);
				PRODUCT_BUNDLE_IDENTIFIER = "KIT.Floor-lava";
				PRODUCT_NAME = "$(TARGET_NAME)";
				SWIFT_VERSION = 4.2;
				TARGETED_DEVICE_FAMILY = "1,2";
			};
			name = Release;
		};
		7DEC79F920DA441A0065EE04 /* Debug */ = {
			isa = XCBuildConfiguration;
			buildSettings = {
				ALWAYS_EMBED_SWIFT_STANDARD_LIBRARIES = YES;
				BUNDLE_LOADER = "$(TEST_HOST)";
				CODE_SIGN_STYLE = Automatic;
				DEVELOPMENT_TEAM = 237J8UY6UT;
				INFOPLIST_FILE = Floor_lavaTests/Info.plist;
				LD_RUNPATH_SEARCH_PATHS = (
					"$(inherited)",
					"@executable_path/Frameworks",
					"@loader_path/Frameworks",
				);
				PRODUCT_BUNDLE_IDENTIFIER = "KIT.Floor-lavaTests";
				PRODUCT_NAME = "$(TARGET_NAME)";
				SWIFT_VERSION = 4.2;
				TARGETED_DEVICE_FAMILY = "1,2";
				TEST_HOST = "$(BUILT_PRODUCTS_DIR)/Floor_lava.app/Floor_lava";
			};
			name = Debug;
		};
		7DEC79FA20DA441A0065EE04 /* Release */ = {
			isa = XCBuildConfiguration;
			buildSettings = {
				ALWAYS_EMBED_SWIFT_STANDARD_LIBRARIES = YES;
				BUNDLE_LOADER = "$(TEST_HOST)";
				CODE_SIGN_STYLE = Automatic;
				DEVELOPMENT_TEAM = 237J8UY6UT;
				INFOPLIST_FILE = Floor_lavaTests/Info.plist;
				LD_RUNPATH_SEARCH_PATHS = (
					"$(inherited)",
					"@executable_path/Frameworks",
					"@loader_path/Frameworks",
				);
				PRODUCT_BUNDLE_IDENTIFIER = "KIT.Floor-lavaTests";
				PRODUCT_NAME = "$(TARGET_NAME)";
				SWIFT_VERSION = 4.2;
				TARGETED_DEVICE_FAMILY = "1,2";
				TEST_HOST = "$(BUILT_PRODUCTS_DIR)/Floor_lava.app/Floor_lava";
			};
			name = Release;
		};
		7DEC79FC20DA441A0065EE04 /* Debug */ = {
			isa = XCBuildConfiguration;
			buildSettings = {
				ALWAYS_EMBED_SWIFT_STANDARD_LIBRARIES = YES;
				CODE_SIGN_STYLE = Automatic;
				DEVELOPMENT_TEAM = 237J8UY6UT;
				INFOPLIST_FILE = Floor_lavaUITests/Info.plist;
				LD_RUNPATH_SEARCH_PATHS = (
					"$(inherited)",
					"@executable_path/Frameworks",
					"@loader_path/Frameworks",
				);
				PRODUCT_BUNDLE_IDENTIFIER = "KIT.Floor-lavaUITests";
				PRODUCT_NAME = "$(TARGET_NAME)";
				SWIFT_VERSION = 4.2;
				TARGETED_DEVICE_FAMILY = "1,2";
				TEST_TARGET_NAME = Floor_lava;
			};
			name = Debug;
		};
		7DEC79FD20DA441A0065EE04 /* Release */ = {
			isa = XCBuildConfiguration;
			buildSettings = {
				ALWAYS_EMBED_SWIFT_STANDARD_LIBRARIES = YES;
				CODE_SIGN_STYLE = Automatic;
				DEVELOPMENT_TEAM = 237J8UY6UT;
				INFOPLIST_FILE = Floor_lavaUITests/Info.plist;
				LD_RUNPATH_SEARCH_PATHS = (
					"$(inherited)",
					"@executable_path/Frameworks",
					"@loader_path/Frameworks",
				);
				PRODUCT_BUNDLE_IDENTIFIER = "KIT.Floor-lavaUITests";
				PRODUCT_NAME = "$(TARGET_NAME)";
				SWIFT_VERSION = 4.2;
				TARGETED_DEVICE_FAMILY = "1,2";
				TEST_TARGET_NAME = Floor_lava;
			};
			name = Release;
		};
/* End XCBuildConfiguration section */

/* Begin XCConfigurationList section */
		7DEC79C520DA44180065EE04 /* Build configuration list for PBXProject "Floor_lava" */ = {
			isa = XCConfigurationList;
			buildConfigurations = (
				7DEC79F320DA441A0065EE04 /* Debug */,
				7DEC79F420DA441A0065EE04 /* Release */,
			);
			defaultConfigurationIsVisible = 0;
			defaultConfigurationName = Release;
		};
		7DEC79F520DA441A0065EE04 /* Build configuration list for PBXNativeTarget "Floor_lava" */ = {
			isa = XCConfigurationList;
			buildConfigurations = (
				7DEC79F620DA441A0065EE04 /* Debug */,
				7DEC79F720DA441A0065EE04 /* Release */,
			);
			defaultConfigurationIsVisible = 0;
			defaultConfigurationName = Release;
		};
		7DEC79F820DA441A0065EE04 /* Build configuration list for PBXNativeTarget "Floor_lavaTests" */ = {
			isa = XCConfigurationList;
			buildConfigurations = (
				7DEC79F920DA441A0065EE04 /* Debug */,
				7DEC79FA20DA441A0065EE04 /* Release */,
			);
			defaultConfigurationIsVisible = 0;
			defaultConfigurationName = Release;
		};
		7DEC79FB20DA441A0065EE04 /* Build configuration list for PBXNativeTarget "Floor_lavaUITests" */ = {
			isa = XCConfigurationList;
			buildConfigurations = (
				7DEC79FC20DA441A0065EE04 /* Debug */,
				7DEC79FD20DA441A0065EE04 /* Release */,
			);
			defaultConfigurationIsVisible = 0;
			defaultConfigurationName = Release;
		};
/* End XCConfigurationList section */

/* Begin XCVersionGroup section */
		7DEC79D420DA44180065EE04 /* Floor_lava.xcdatamodeld */ = {
			isa = XCVersionGroup;
			children = (
				7DEC79D520DA44180065EE04 /* Floor_lava.xcdatamodel */,
			);
			currentVersion = 7DEC79D520DA44180065EE04 /* Floor_lava.xcdatamodel */;
			path = Floor_lava.xcdatamodeld;
			sourceTree = "<group>";
			versionGroupType = wrapper.xcdatamodel;
		};
/* End XCVersionGroup section */
	};
	rootObject = 7DEC79C220DA44180065EE04 /* Project object */;
}
